// !$*UTF8*$!
{
	archiveVersion = 1;
	classes = {
	};
	objectVersion = 46;
	objects = {

/* Begin PBXBuildFile section */
		A5129FD41ECBE30B009E9156 /* Logger.swift in Sources */ = {isa = PBXBuildFile; fileRef = A5129FD31ECBE30B009E9156 /* Logger.swift */; };
		A5129FD61ECBE95C009E9156 /* OrderedMap.swift in Sources */ = {isa = PBXBuildFile; fileRef = A5129FD51ECBE95C009E9156 /* OrderedMap.swift */; };
		A513686620AA3DD000C9240E /* Common.swift in Sources */ = {isa = PBXBuildFile; fileRef = A513686520AA3DD000C9240E /* Common.swift */; };
		A513686820AA648000C9240E /* CustomEngine.swift in Sources */ = {isa = PBXBuildFile; fileRef = A513686720AA648000C9240E /* CustomEngine.swift */; };
		A51B370020B09FD60044E7B8 /* CustomFactoryTest.swift in Sources */ = {isa = PBXBuildFile; fileRef = A51B36FF20B09FD60044E7B8 /* CustomFactoryTest.swift */; };
		A51E40D01ED24AAB000F57B6 /* RegEx.swift in Sources */ = {isa = PBXBuildFile; fileRef = A51E40CF1ED24AAB000F57B6 /* RegEx.swift */; };
		A533E6DD200A836D003FABFC /* Config.swift in Sources */ = {isa = PBXBuildFile; fileRef = A533E6DC200A836D003FABFC /* Config.swift */; };
		A55DB3CD1FE6D9FB00340C46 /* TrieWalkerTest.swift in Sources */ = {isa = PBXBuildFile; fileRef = A55DB3CC1FE6D9FB00340C46 /* TrieWalkerTest.swift */; };
		A571A79E20B244F300135299 /* LICENSE in Resources */ = {isa = PBXBuildFile; fileRef = A571A79920B244F300135299 /* LICENSE */; };
		A575A009209D50B800638D3D /* LipikaTestMapping in Resources */ = {isa = PBXBuildFile; fileRef = A575A007209D4D2C00638D3D /* LipikaTestMapping */; };
		A57867872093E77A00967D64 /* EpochState.swift in Sources */ = {isa = PBXBuildFile; fileRef = A57867862093E77A00967D64 /* EpochState.swift */; };
		A57E129F20028A790088E855 /* Transliterator.swift in Sources */ = {isa = PBXBuildFile; fileRef = A57E129E20028A790088E855 /* Transliterator.swift */; };
		A58C7A87204B876B00399DAE /* AnteliteratorTest.swift in Sources */ = {isa = PBXBuildFile; fileRef = A58C7A86204B876B00399DAE /* AnteliteratorTest.swift */; };
		A5A219471FDE4A54009AED86 /* Trie.swift in Sources */ = {isa = PBXBuildFile; fileRef = A5A219461FDE4A54009AED86 /* Trie.swift */; };
		A5A865FA1ECE43AE002D1097 /* Mapping in Resources */ = {isa = PBXBuildFile; fileRef = A5A865F91ECE43AE002D1097 /* Mapping */; };
		A5AB0DEA20AA34DB00945F00 /* CustomTestMapping in Resources */ = {isa = PBXBuildFile; fileRef = A5AB0DE920AA34DB00945F00 /* CustomTestMapping */; };
		A5B2E77F1ED273BA00C1BF1D /* RegExTest.swift in Sources */ = {isa = PBXBuildFile; fileRef = A5B2E77E1ED273BA00C1BF1D /* RegExTest.swift */; };
		A5B7BAED1ED3BA8000205346 /* Rules.swift in Sources */ = {isa = PBXBuildFile; fileRef = A5B7BAEC1ED3BA8000205346 /* Rules.swift */; };
		A5B7BAEF1ED3BB3D00205346 /* Engine.swift in Sources */ = {isa = PBXBuildFile; fileRef = A5B7BAEE1ED3BB3D00205346 /* Engine.swift */; };
		A5B7BAF11ED3BC2D00205346 /* RulesTest.swift in Sources */ = {isa = PBXBuildFile; fileRef = A5B7BAF01ED3BC2D00205346 /* RulesTest.swift */; };
		A5BBEBB9201D6DDD00668C24 /* LiteratorFactory.swift in Sources */ = {isa = PBXBuildFile; fileRef = A5BBEBB8201D6DDD00668C24 /* LiteratorFactory.swift */; };
		A5BBF1121FF0151000ACF7BA /* TrieTest.swift in Sources */ = {isa = PBXBuildFile; fileRef = A5BBF1111FF0151000ACF7BA /* TrieTest.swift */; };
		A5BF5F9120B8A731004CA217 /* Anteliterator.swift in Sources */ = {isa = PBXBuildFile; fileRef = A5F5A0C4202027A600EECA51 /* Anteliterator.swift */; };
		A5BF5F9220B8A731004CA217 /* CustomFactory.swift in Sources */ = {isa = PBXBuildFile; fileRef = A5DA222320AA3CD800C2844E /* CustomFactory.swift */; };
		A5BF5F9320B8A731004CA217 /* Logger.swift in Sources */ = {isa = PBXBuildFile; fileRef = A5129FD31ECBE30B009E9156 /* Logger.swift */; };
		A5BF5F9420B8A731004CA217 /* OrderedMap.swift in Sources */ = {isa = PBXBuildFile; fileRef = A5129FD51ECBE95C009E9156 /* OrderedMap.swift */; };
		A5BF5F9520B8A731004CA217 /* LiteratorFactory.swift in Sources */ = {isa = PBXBuildFile; fileRef = A5BBEBB8201D6DDD00668C24 /* LiteratorFactory.swift */; };
		A5BF5F9620B8A731004CA217 /* Trie.swift in Sources */ = {isa = PBXBuildFile; fileRef = A5A219461FDE4A54009AED86 /* Trie.swift */; };
		A5BF5F9720B8A731004CA217 /* Config.swift in Sources */ = {isa = PBXBuildFile; fileRef = A533E6DC200A836D003FABFC /* Config.swift */; };
		A5BF5F9820B8A731004CA217 /* RegEx.swift in Sources */ = {isa = PBXBuildFile; fileRef = A51E40CF1ED24AAB000F57B6 /* RegEx.swift */; };
		A5BF5F9920B8A731004CA217 /* TrieWalker.swift in Sources */ = {isa = PBXBuildFile; fileRef = A5C358A01FDFA1A5007958CC /* TrieWalker.swift */; };
		A5BF5F9A20B8A731004CA217 /* EngineFactory.swift in Sources */ = {isa = PBXBuildFile; fileRef = A5C77CD61ECBAD4C008AE60D /* EngineFactory.swift */; };
		A5BF5F9B20B8A731004CA217 /* Rules.swift in Sources */ = {isa = PBXBuildFile; fileRef = A5B7BAEC1ED3BA8000205346 /* Rules.swift */; };
		A5BF5F9C20B8A731004CA217 /* Transliterator.swift in Sources */ = {isa = PBXBuildFile; fileRef = A57E129E20028A790088E855 /* Transliterator.swift */; };
		A5BF5F9D20B8A731004CA217 /* Engine.swift in Sources */ = {isa = PBXBuildFile; fileRef = A5B7BAEE1ED3BB3D00205346 /* Engine.swift */; };
		A5BF5F9E20B8A731004CA217 /* Common.swift in Sources */ = {isa = PBXBuildFile; fileRef = A513686520AA3DD000C9240E /* Common.swift */; };
		A5BF5F9F20B8A731004CA217 /* CustomEngine.swift in Sources */ = {isa = PBXBuildFile; fileRef = A513686720AA648000C9240E /* CustomEngine.swift */; };
		A5BF5FA020B8A731004CA217 /* EpochState.swift in Sources */ = {isa = PBXBuildFile; fileRef = A57867862093E77A00967D64 /* EpochState.swift */; };
		A5BF5FA420B8A731004CA217 /* Mapping in Resources */ = {isa = PBXBuildFile; fileRef = A5A865F91ECE43AE002D1097 /* Mapping */; };
		A5BF5FA520B8A731004CA217 /* LICENSE in Resources */ = {isa = PBXBuildFile; fileRef = A571A79920B244F300135299 /* LICENSE */; };
		A5BF5FAC20B8A7BC004CA217 /* LipikaEngine_OSX.framework in Frameworks */ = {isa = PBXBuildFile; fileRef = A5BF5FA920B8A731004CA217 /* LipikaEngine_OSX.framework */; };
		A5C358A11FDFA1A5007958CC /* TrieWalker.swift in Sources */ = {isa = PBXBuildFile; fileRef = A5C358A01FDFA1A5007958CC /* TrieWalker.swift */; };
		A5C77CCB1ECBAC1E008AE60D /* EngineFactoryTest.swift in Sources */ = {isa = PBXBuildFile; fileRef = A5C77CCA1ECBAC1E008AE60D /* EngineFactoryTest.swift */; };
		A5C77CD71ECBAD4C008AE60D /* EngineFactory.swift in Sources */ = {isa = PBXBuildFile; fileRef = A5C77CD61ECBAD4C008AE60D /* EngineFactory.swift */; };
		A5D3C2FE1FFAE58100ACCB8F /* EngineTest.swift in Sources */ = {isa = PBXBuildFile; fileRef = A5D3C2FD1FFAE58100ACCB8F /* EngineTest.swift */; };
		A5D6E63B20A8F584001CBDEC /* Mapping in Resources */ = {isa = PBXBuildFile; fileRef = A5A865F91ECE43AE002D1097 /* Mapping */; };
		A5DA222420AA3CD800C2844E /* CustomFactory.swift in Sources */ = {isa = PBXBuildFile; fileRef = A5DA222320AA3CD800C2844E /* CustomFactory.swift */; };
		A5F5A0C5202027A600EECA51 /* Anteliterator.swift in Sources */ = {isa = PBXBuildFile; fileRef = A5F5A0C4202027A600EECA51 /* Anteliterator.swift */; };
		A5F7A4022043325F003E5051 /* TransliteratorTest.swift in Sources */ = {isa = PBXBuildFile; fileRef = A5F7A4012043325F003E5051 /* TransliteratorTest.swift */; };
/* End PBXBuildFile section */

/* Begin PBXContainerItemProxy section */
		A5BF5FAD20B8A7C1004CA217 /* PBXContainerItemProxy */ = {
			isa = PBXContainerItemProxy;
			containerPortal = A5C77CB31ECBAC1E008AE60D /* Project object */;
			proxyType = 1;
			remoteGlobalIDString = A5BF5F8F20B8A731004CA217;
			remoteInfo = LipikaEngine_OSX;
		};
/* End PBXContainerItemProxy section */

/* Begin PBXFileReference section */
		A5129FD31ECBE30B009E9156 /* Logger.swift */ = {isa = PBXFileReference; fileEncoding = 4; lastKnownFileType = sourcecode.swift; path = Logger.swift; sourceTree = "<group>"; };
		A5129FD51ECBE95C009E9156 /* OrderedMap.swift */ = {isa = PBXFileReference; fileEncoding = 4; lastKnownFileType = sourcecode.swift; path = OrderedMap.swift; sourceTree = "<group>"; };
		A513686520AA3DD000C9240E /* Common.swift */ = {isa = PBXFileReference; lastKnownFileType = sourcecode.swift; path = Common.swift; sourceTree = "<group>"; };
		A513686720AA648000C9240E /* CustomEngine.swift */ = {isa = PBXFileReference; lastKnownFileType = sourcecode.swift; path = CustomEngine.swift; sourceTree = "<group>"; };
		A51B36FF20B09FD60044E7B8 /* CustomFactoryTest.swift */ = {isa = PBXFileReference; lastKnownFileType = sourcecode.swift; path = CustomFactoryTest.swift; sourceTree = "<group>"; };
		A51E40CF1ED24AAB000F57B6 /* RegEx.swift */ = {isa = PBXFileReference; fileEncoding = 4; lastKnownFileType = sourcecode.swift; path = RegEx.swift; sourceTree = "<group>"; };
		A533E6DC200A836D003FABFC /* Config.swift */ = {isa = PBXFileReference; lastKnownFileType = sourcecode.swift; path = Config.swift; sourceTree = "<group>"; };
		A55DB3CC1FE6D9FB00340C46 /* TrieWalkerTest.swift */ = {isa = PBXFileReference; lastKnownFileType = sourcecode.swift; path = TrieWalkerTest.swift; sourceTree = "<group>"; };
		A571A79720B244F300135299 /* PULL_REQUEST_TEMPLATE.md */ = {isa = PBXFileReference; fileEncoding = 4; lastKnownFileType = net.daringfireball.markdown; path = PULL_REQUEST_TEMPLATE.md; sourceTree = "<group>"; };
		A571A79820B244F300135299 /* README.md */ = {isa = PBXFileReference; fileEncoding = 4; lastKnownFileType = net.daringfireball.markdown; path = README.md; sourceTree = "<group>"; };
		A571A79920B244F300135299 /* LICENSE */ = {isa = PBXFileReference; fileEncoding = 4; lastKnownFileType = text; path = LICENSE; sourceTree = "<group>"; };
		A571A79A20B244F300135299 /* CODE_OF_CONDUCT.md */ = {isa = PBXFileReference; fileEncoding = 4; lastKnownFileType = net.daringfireball.markdown; path = CODE_OF_CONDUCT.md; sourceTree = "<group>"; };
		A571A79B20B244F300135299 /* CONTRIBUTING.md */ = {isa = PBXFileReference; fileEncoding = 4; lastKnownFileType = net.daringfireball.markdown; path = CONTRIBUTING.md; sourceTree = "<group>"; };
		A575A007209D4D2C00638D3D /* LipikaTestMapping */ = {isa = PBXFileReference; lastKnownFileType = folder; path = LipikaTestMapping; sourceTree = "<group>"; };
		A57867862093E77A00967D64 /* EpochState.swift */ = {isa = PBXFileReference; lastKnownFileType = sourcecode.swift; path = EpochState.swift; sourceTree = "<group>"; };
		A57E129E20028A790088E855 /* Transliterator.swift */ = {isa = PBXFileReference; lastKnownFileType = sourcecode.swift; path = Transliterator.swift; sourceTree = "<group>"; };
		A58C7A86204B876B00399DAE /* AnteliteratorTest.swift */ = {isa = PBXFileReference; lastKnownFileType = sourcecode.swift; path = AnteliteratorTest.swift; sourceTree = "<group>"; };
		A5A219461FDE4A54009AED86 /* Trie.swift */ = {isa = PBXFileReference; lastKnownFileType = sourcecode.swift; path = Trie.swift; sourceTree = "<group>"; };
		A5A865F91ECE43AE002D1097 /* Mapping */ = {isa = PBXFileReference; lastKnownFileType = folder; path = Mapping; sourceTree = "<group>"; };
		A5AB0DE920AA34DB00945F00 /* CustomTestMapping */ = {isa = PBXFileReference; lastKnownFileType = folder; path = CustomTestMapping; sourceTree = "<group>"; };
		A5B2E77E1ED273BA00C1BF1D /* RegExTest.swift */ = {isa = PBXFileReference; fileEncoding = 4; lastKnownFileType = sourcecode.swift; path = RegExTest.swift; sourceTree = "<group>"; };
		A5B7BAEC1ED3BA8000205346 /* Rules.swift */ = {isa = PBXFileReference; fileEncoding = 4; lastKnownFileType = sourcecode.swift; path = Rules.swift; sourceTree = "<group>"; };
		A5B7BAEE1ED3BB3D00205346 /* Engine.swift */ = {isa = PBXFileReference; fileEncoding = 4; lastKnownFileType = sourcecode.swift; path = Engine.swift; sourceTree = "<group>"; };
		A5B7BAF01ED3BC2D00205346 /* RulesTest.swift */ = {isa = PBXFileReference; fileEncoding = 4; lastKnownFileType = sourcecode.swift; path = RulesTest.swift; sourceTree = "<group>"; };
		A5BBEBB8201D6DDD00668C24 /* LiteratorFactory.swift */ = {isa = PBXFileReference; fileEncoding = 4; lastKnownFileType = sourcecode.swift; path = LiteratorFactory.swift; sourceTree = "<group>"; };
		A5BBF1111FF0151000ACF7BA /* TrieTest.swift */ = {isa = PBXFileReference; lastKnownFileType = sourcecode.swift; path = TrieTest.swift; sourceTree = "<group>"; };
		A5BF5FA920B8A731004CA217 /* LipikaEngine_OSX.framework */ = {isa = PBXFileReference; explicitFileType = wrapper.framework; includeInIndex = 0; path = LipikaEngine_OSX.framework; sourceTree = BUILT_PRODUCTS_DIR; };
		A5C358A01FDFA1A5007958CC /* TrieWalker.swift */ = {isa = PBXFileReference; lastKnownFileType = sourcecode.swift; path = TrieWalker.swift; sourceTree = "<group>"; };
		A5C77CBC1ECBAC1E008AE60D /* LipikaEngine_iOS.framework */ = {isa = PBXFileReference; explicitFileType = wrapper.framework; includeInIndex = 0; name = LipikaEngine_iOS.framework; path = LipikaEngine_iOS.framework; sourceTree = BUILT_PRODUCTS_DIR; };
		A5C77CC01ECBAC1E008AE60D /* Info.plist */ = {isa = PBXFileReference; lastKnownFileType = text.plist.xml; path = Info.plist; sourceTree = "<group>"; };
		A5C77CC51ECBAC1E008AE60D /* LipikaEngineTests.xctest */ = {isa = PBXFileReference; explicitFileType = wrapper.cfbundle; includeInIndex = 0; path = LipikaEngineTests.xctest; sourceTree = BUILT_PRODUCTS_DIR; };
		A5C77CCA1ECBAC1E008AE60D /* EngineFactoryTest.swift */ = {isa = PBXFileReference; lastKnownFileType = sourcecode.swift; path = EngineFactoryTest.swift; sourceTree = "<group>"; };
		A5C77CCC1ECBAC1E008AE60D /* Info.plist */ = {isa = PBXFileReference; lastKnownFileType = text.plist.xml; path = Info.plist; sourceTree = "<group>"; };
		A5C77CD61ECBAD4C008AE60D /* EngineFactory.swift */ = {isa = PBXFileReference; fileEncoding = 4; lastKnownFileType = sourcecode.swift; path = EngineFactory.swift; sourceTree = "<group>"; };
		A5D3C2FD1FFAE58100ACCB8F /* EngineTest.swift */ = {isa = PBXFileReference; lastKnownFileType = sourcecode.swift; path = EngineTest.swift; sourceTree = "<group>"; };
		A5DA222320AA3CD800C2844E /* CustomFactory.swift */ = {isa = PBXFileReference; lastKnownFileType = sourcecode.swift; path = CustomFactory.swift; sourceTree = "<group>"; };
		A5F5A0C4202027A600EECA51 /* Anteliterator.swift */ = {isa = PBXFileReference; lastKnownFileType = sourcecode.swift; path = Anteliterator.swift; sourceTree = "<group>"; };
		A5F7A4012043325F003E5051 /* TransliteratorTest.swift */ = {isa = PBXFileReference; lastKnownFileType = sourcecode.swift; path = TransliteratorTest.swift; sourceTree = "<group>"; };
/* End PBXFileReference section */

/* Begin PBXFrameworksBuildPhase section */
		A5BF5FA120B8A731004CA217 /* Frameworks */ = {
			isa = PBXFrameworksBuildPhase;
			buildActionMask = 2147483647;
			files = (
			);
			runOnlyForDeploymentPostprocessing = 0;
		};
		A5C77CB81ECBAC1E008AE60D /* Frameworks */ = {
			isa = PBXFrameworksBuildPhase;
			buildActionMask = 2147483647;
			files = (
			);
			runOnlyForDeploymentPostprocessing = 0;
		};
		A5C77CC21ECBAC1E008AE60D /* Frameworks */ = {
			isa = PBXFrameworksBuildPhase;
			buildActionMask = 2147483647;
			files = (
				A5BF5FAC20B8A7BC004CA217 /* LipikaEngine_OSX.framework in Frameworks */,
			);
			runOnlyForDeploymentPostprocessing = 0;
		};
/* End PBXFrameworksBuildPhase section */

/* Begin PBXGroup section */
		A571A79620B244C000135299 /* Documents */ = {
			isa = PBXGroup;
			children = (
				A571A79A20B244F300135299 /* CODE_OF_CONDUCT.md */,
				A571A79B20B244F300135299 /* CONTRIBUTING.md */,
				A571A79920B244F300135299 /* LICENSE */,
				A571A79720B244F300135299 /* PULL_REQUEST_TEMPLATE.md */,
				A571A79820B244F300135299 /* README.md */,
			);
			name = Documents;
			sourceTree = "<group>";
		};
		A5AB0DEB20AA3A6F00945F00 /* Lipika */ = {
			isa = PBXGroup;
			children = (
				A5C77CD61ECBAD4C008AE60D /* EngineFactory.swift */,
				A5B7BAEC1ED3BA8000205346 /* Rules.swift */,
				A5B7BAEE1ED3BB3D00205346 /* Engine.swift */,
				A57867862093E77A00967D64 /* EpochState.swift */,
			);
			name = Lipika;
			sourceTree = "<group>";
		};
		A5AB0DEC20AA3C2200945F00 /* Custom */ = {
			isa = PBXGroup;
			children = (
				A5DA222320AA3CD800C2844E /* CustomFactory.swift */,
				A513686720AA648000C9240E /* CustomEngine.swift */,
			);
			name = Custom;
			sourceTree = "<group>";
		};
		A5C77CB21ECBAC1E008AE60D = {
			isa = PBXGroup;
			children = (
				A571A79620B244C000135299 /* Documents */,
				A5C77CBE1ECBAC1E008AE60D /* Source */,
				A5A865F91ECE43AE002D1097 /* Mapping */,
				A5C77CC91ECBAC1E008AE60D /* Tests */,
				A5C77CBD1ECBAC1E008AE60D /* Products */,
			);
			sourceTree = "<group>";
		};
		A5C77CBD1ECBAC1E008AE60D /* Products */ = {
			isa = PBXGroup;
			children = (
				A5C77CBC1ECBAC1E008AE60D /* LipikaEngine.framework */,
				A5C77CC51ECBAC1E008AE60D /* LipikaEngineTests.xctest */,
				A5BF5FA920B8A731004CA217 /* LipikaEngine_OSX.framework */,
			);
			name = Products;
			sourceTree = "<group>";
		};
		A5C77CBE1ECBAC1E008AE60D /* Source */ = {
			isa = PBXGroup;
			children = (
				A5C77CC01ECBAC1E008AE60D /* Info.plist */,
				A513686520AA3DD000C9240E /* Common.swift */,
				A5129FD31ECBE30B009E9156 /* Logger.swift */,
				A51E40CF1ED24AAB000F57B6 /* RegEx.swift */,
				A5129FD51ECBE95C009E9156 /* OrderedMap.swift */,
				A5A219461FDE4A54009AED86 /* Trie.swift */,
				A5C358A01FDFA1A5007958CC /* TrieWalker.swift */,
				A533E6DC200A836D003FABFC /* Config.swift */,
				A5BBEBB8201D6DDD00668C24 /* LiteratorFactory.swift */,
				A57E129E20028A790088E855 /* Transliterator.swift */,
				A5F5A0C4202027A600EECA51 /* Anteliterator.swift */,
				A5AB0DEC20AA3C2200945F00 /* Custom */,
				A5AB0DEB20AA3A6F00945F00 /* Lipika */,
			);
			path = Source;
			sourceTree = "<group>";
		};
		A5C77CC91ECBAC1E008AE60D /* Tests */ = {
			isa = PBXGroup;
			children = (
				A5AB0DE920AA34DB00945F00 /* CustomTestMapping */,
				A575A007209D4D2C00638D3D /* LipikaTestMapping */,
				A5C77CCC1ECBAC1E008AE60D /* Info.plist */,
				A5B2E77E1ED273BA00C1BF1D /* RegExTest.swift */,
				A5BBF1111FF0151000ACF7BA /* TrieTest.swift */,
				A55DB3CC1FE6D9FB00340C46 /* TrieWalkerTest.swift */,
				A5DE44DB20B09F9700DE9843 /* Custom */,
				A5DE44D920B09F3F00DE9843 /* Lipika */,
				A5F7A4012043325F003E5051 /* TransliteratorTest.swift */,
				A58C7A86204B876B00399DAE /* AnteliteratorTest.swift */,
			);
			path = Tests;
			sourceTree = "<group>";
		};
		A5DE44D920B09F3F00DE9843 /* Lipika */ = {
			isa = PBXGroup;
			children = (
				A5B7BAF01ED3BC2D00205346 /* RulesTest.swift */,
				A5C77CCA1ECBAC1E008AE60D /* EngineFactoryTest.swift */,
				A5D3C2FD1FFAE58100ACCB8F /* EngineTest.swift */,
			);
			name = Lipika;
			sourceTree = "<group>";
		};
		A5DE44DB20B09F9700DE9843 /* Custom */ = {
			isa = PBXGroup;
			children = (
				A51B36FF20B09FD60044E7B8 /* CustomFactoryTest.swift */,
			);
			name = Custom;
			sourceTree = "<group>";
		};
/* End PBXGroup section */

/* Begin PBXHeadersBuildPhase section */
		A5BF5FA220B8A731004CA217 /* Headers */ = {
			isa = PBXHeadersBuildPhase;
			buildActionMask = 2147483647;
			files = (
			);
			runOnlyForDeploymentPostprocessing = 0;
		};
		A5C77CB91ECBAC1E008AE60D /* Headers */ = {
			isa = PBXHeadersBuildPhase;
			buildActionMask = 2147483647;
			files = (
			);
			runOnlyForDeploymentPostprocessing = 0;
		};
/* End PBXHeadersBuildPhase section */

/* Begin PBXNativeTarget section */
		A5BF5F8F20B8A731004CA217 /* LipikaEngine_OSX */ = {
			isa = PBXNativeTarget;
			buildConfigurationList = A5BF5FA620B8A731004CA217 /* Build configuration list for PBXNativeTarget "LipikaEngine_OSX" */;
			buildPhases = (
				A5BF5F9020B8A731004CA217 /* Sources */,
				A5BF5FA120B8A731004CA217 /* Frameworks */,
				A5BF5FA220B8A731004CA217 /* Headers */,
				A5BF5FA320B8A731004CA217 /* Resources */,
			);
			buildRules = (
			);
			dependencies = (
			);
			name = LipikaEngine_OSX;
			productName = LipikaEngine;
			productReference = A5BF5FA920B8A731004CA217 /* LipikaEngine_OSX.framework */;
			productType = "com.apple.product-type.framework";
		};
		A5C77CBB1ECBAC1E008AE60D /* LipikaEngine_iOS */ = {
			isa = PBXNativeTarget;
			buildConfigurationList = A5C77CD01ECBAC1E008AE60D /* Build configuration list for PBXNativeTarget "LipikaEngine_iOS" */;
			buildPhases = (
				A5C77CB71ECBAC1E008AE60D /* Sources */,
				A5C77CB81ECBAC1E008AE60D /* Frameworks */,
				A5C77CB91ECBAC1E008AE60D /* Headers */,
				A5C77CBA1ECBAC1E008AE60D /* Resources */,
			);
			buildRules = (
			);
			dependencies = (
			);
			name = LipikaEngine_iOS;
			productName = LipikaEngine;
			productReference = A5C77CBC1ECBAC1E008AE60D /* LipikaEngine.framework */;
			productType = "com.apple.product-type.framework";
		};
		A5C77CC41ECBAC1E008AE60D /* LipikaEngineTests */ = {
			isa = PBXNativeTarget;
			buildConfigurationList = A5C77CD31ECBAC1E008AE60D /* Build configuration list for PBXNativeTarget "LipikaEngineTests" */;
			buildPhases = (
				A5C77CC11ECBAC1E008AE60D /* Sources */,
				A5C77CC21ECBAC1E008AE60D /* Frameworks */,
				A5C77CC31ECBAC1E008AE60D /* Resources */,
			);
			buildRules = (
			);
			dependencies = (
				A5BF5FAE20B8A7C1004CA217 /* PBXTargetDependency */,
			);
			name = LipikaEngineTests;
			productName = LipikaEngineTests;
			productReference = A5C77CC51ECBAC1E008AE60D /* LipikaEngineTests.xctest */;
			productType = "com.apple.product-type.bundle.unit-test";
		};
/* End PBXNativeTarget section */

/* Begin PBXProject section */
		A5C77CB31ECBAC1E008AE60D /* Project object */ = {
			isa = PBXProject;
			attributes = {
				LastSwiftUpdateCheck = 0830;
				LastUpgradeCheck = 0930;
				ORGANIZATIONNAME = Daivajnanam;
				TargetAttributes = {
					A5BF5F8F20B8A731004CA217 = {
						DevelopmentTeam = 7JZ87Y4JWT;
					};
					A5C77CBB1ECBAC1E008AE60D = {
						CreatedOnToolsVersion = 8.3.2;
						DevelopmentTeam = 7JZ87Y4JWT;
						LastSwiftMigration = 0910;
						ProvisioningStyle = Automatic;
					};
					A5C77CC41ECBAC1E008AE60D = {
						CreatedOnToolsVersion = 8.3.2;
						DevelopmentTeam = 7JZ87Y4JWT;
						LastSwiftMigration = 0910;
						ProvisioningStyle = Automatic;
					};
				};
			};
			buildConfigurationList = A5C77CB61ECBAC1E008AE60D /* Build configuration list for PBXProject "LipikaEngine" */;
			compatibilityVersion = "Xcode 3.2";
			developmentRegion = English;
			hasScannedForEncodings = 0;
			knownRegions = (
				en,
			);
			mainGroup = A5C77CB21ECBAC1E008AE60D;
			productRefGroup = A5C77CBD1ECBAC1E008AE60D /* Products */;
			projectDirPath = "";
			projectRoot = "";
			targets = (
				A5C77CBB1ECBAC1E008AE60D /* LipikaEngine_iOS */,
				A5C77CC41ECBAC1E008AE60D /* LipikaEngineTests */,
				A5BF5F8F20B8A731004CA217 /* LipikaEngine_OSX */,
			);
		};
/* End PBXProject section */

/* Begin PBXResourcesBuildPhase section */
		A5BF5FA320B8A731004CA217 /* Resources */ = {
			isa = PBXResourcesBuildPhase;
			buildActionMask = 2147483647;
			files = (
				A5BF5FA420B8A731004CA217 /* Mapping in Resources */,
				A5BF5FA520B8A731004CA217 /* LICENSE in Resources */,
			);
			runOnlyForDeploymentPostprocessing = 0;
		};
		A5C77CBA1ECBAC1E008AE60D /* Resources */ = {
			isa = PBXResourcesBuildPhase;
			buildActionMask = 2147483647;
			files = (
				A5D6E63B20A8F584001CBDEC /* Mapping in Resources */,
				A571A79E20B244F300135299 /* LICENSE in Resources */,
			);
			runOnlyForDeploymentPostprocessing = 0;
		};
		A5C77CC31ECBAC1E008AE60D /* Resources */ = {
			isa = PBXResourcesBuildPhase;
			buildActionMask = 2147483647;
			files = (
				A5AB0DEA20AA34DB00945F00 /* CustomTestMapping in Resources */,
				A575A009209D50B800638D3D /* LipikaTestMapping in Resources */,
				A5A865FA1ECE43AE002D1097 /* Mapping in Resources */,
			);
			runOnlyForDeploymentPostprocessing = 0;
		};
/* End PBXResourcesBuildPhase section */

/* Begin PBXSourcesBuildPhase section */
		A5BF5F9020B8A731004CA217 /* Sources */ = {
			isa = PBXSourcesBuildPhase;
			buildActionMask = 2147483647;
			files = (
				A5BF5F9120B8A731004CA217 /* Anteliterator.swift in Sources */,
				A5BF5F9220B8A731004CA217 /* CustomFactory.swift in Sources */,
				A5BF5F9320B8A731004CA217 /* Logger.swift in Sources */,
				A5BF5F9420B8A731004CA217 /* OrderedMap.swift in Sources */,
				A5BF5F9520B8A731004CA217 /* LiteratorFactory.swift in Sources */,
				A5BF5F9620B8A731004CA217 /* Trie.swift in Sources */,
				A5BF5F9720B8A731004CA217 /* Config.swift in Sources */,
				A5BF5F9820B8A731004CA217 /* RegEx.swift in Sources */,
				A5BF5F9920B8A731004CA217 /* TrieWalker.swift in Sources */,
				A5BF5F9A20B8A731004CA217 /* EngineFactory.swift in Sources */,
				A5BF5F9B20B8A731004CA217 /* Rules.swift in Sources */,
				A5BF5F9C20B8A731004CA217 /* Transliterator.swift in Sources */,
				A5BF5F9D20B8A731004CA217 /* Engine.swift in Sources */,
				A5BF5F9E20B8A731004CA217 /* Common.swift in Sources */,
				A5BF5F9F20B8A731004CA217 /* CustomEngine.swift in Sources */,
				A5BF5FA020B8A731004CA217 /* EpochState.swift in Sources */,
			);
			runOnlyForDeploymentPostprocessing = 0;
		};
		A5C77CB71ECBAC1E008AE60D /* Sources */ = {
			isa = PBXSourcesBuildPhase;
			buildActionMask = 2147483647;
			files = (
				A5F5A0C5202027A600EECA51 /* Anteliterator.swift in Sources */,
				A5DA222420AA3CD800C2844E /* CustomFactory.swift in Sources */,
				A5129FD41ECBE30B009E9156 /* Logger.swift in Sources */,
				A5129FD61ECBE95C009E9156 /* OrderedMap.swift in Sources */,
				A5BBEBB9201D6DDD00668C24 /* LiteratorFactory.swift in Sources */,
				A5A219471FDE4A54009AED86 /* Trie.swift in Sources */,
				A533E6DD200A836D003FABFC /* Config.swift in Sources */,
				A51E40D01ED24AAB000F57B6 /* RegEx.swift in Sources */,
				A5C358A11FDFA1A5007958CC /* TrieWalker.swift in Sources */,
				A5C77CD71ECBAD4C008AE60D /* EngineFactory.swift in Sources */,
				A5B7BAED1ED3BA8000205346 /* Rules.swift in Sources */,
				A57E129F20028A790088E855 /* Transliterator.swift in Sources */,
				A5B7BAEF1ED3BB3D00205346 /* Engine.swift in Sources */,
				A513686620AA3DD000C9240E /* Common.swift in Sources */,
				A513686820AA648000C9240E /* CustomEngine.swift in Sources */,
				A57867872093E77A00967D64 /* EpochState.swift in Sources */,
			);
			runOnlyForDeploymentPostprocessing = 0;
		};
		A5C77CC11ECBAC1E008AE60D /* Sources */ = {
			isa = PBXSourcesBuildPhase;
			buildActionMask = 2147483647;
			files = (
				A58C7A87204B876B00399DAE /* AnteliteratorTest.swift in Sources */,
				A51B370020B09FD60044E7B8 /* CustomFactoryTest.swift in Sources */,
				A5C77CCB1ECBAC1E008AE60D /* EngineFactoryTest.swift in Sources */,
				A5BBF1121FF0151000ACF7BA /* TrieTest.swift in Sources */,
				A55DB3CD1FE6D9FB00340C46 /* TrieWalkerTest.swift in Sources */,
				A5D3C2FE1FFAE58100ACCB8F /* EngineTest.swift in Sources */,
				A5B2E77F1ED273BA00C1BF1D /* RegExTest.swift in Sources */,
				A5B7BAF11ED3BC2D00205346 /* RulesTest.swift in Sources */,
				A5F7A4022043325F003E5051 /* TransliteratorTest.swift in Sources */,
			);
			runOnlyForDeploymentPostprocessing = 0;
		};
/* End PBXSourcesBuildPhase section */

/* Begin PBXTargetDependency section */
		A5BF5FAE20B8A7C1004CA217 /* PBXTargetDependency */ = {
			isa = PBXTargetDependency;
			target = A5BF5F8F20B8A731004CA217 /* LipikaEngine_OSX */;
			targetProxy = A5BF5FAD20B8A7C1004CA217 /* PBXContainerItemProxy */;
		};
/* End PBXTargetDependency section */

/* Begin XCBuildConfiguration section */
		A5BF5FA720B8A731004CA217 /* Debug */ = {
			isa = XCBuildConfiguration;
			buildSettings = {
				CLANG_ENABLE_MODULES = YES;
				CODE_SIGN_IDENTITY = "";
				DEFINES_MODULE = YES;
				DEVELOPMENT_TEAM = 7JZ87Y4JWT;
				DYLIB_COMPATIBILITY_VERSION = 1;
				DYLIB_CURRENT_VERSION = 1;
				DYLIB_INSTALL_NAME_BASE = "@rpath";
				INFOPLIST_FILE = "$(SRCROOT)/Source/Info.plist";
				INSTALL_PATH = "$(LOCAL_LIBRARY_DIR)/Frameworks";
				PRODUCT_BUNDLE_IDENTIFIER = com.daivajnanam.LipikaEngine;
				PRODUCT_NAME = "$(TARGET_NAME)";
				SKIP_INSTALL = YES;
				SWIFT_OPTIMIZATION_LEVEL = "-Onone";
				SWIFT_SWIFT3_OBJC_INFERENCE = Default;
				SWIFT_VERSION = 4.0;
			};
			name = Debug;
		};
		A5BF5FA820B8A731004CA217 /* Release */ = {
			isa = XCBuildConfiguration;
			buildSettings = {
				CLANG_ENABLE_MODULES = YES;
				CODE_SIGN_IDENTITY = "";
				DEFINES_MODULE = YES;
				DEVELOPMENT_TEAM = 7JZ87Y4JWT;
				DYLIB_COMPATIBILITY_VERSION = 1;
				DYLIB_CURRENT_VERSION = 1;
				DYLIB_INSTALL_NAME_BASE = "@rpath";
				INFOPLIST_FILE = "$(SRCROOT)/Source/Info.plist";
				INSTALL_PATH = "$(LOCAL_LIBRARY_DIR)/Frameworks";
				PRODUCT_BUNDLE_IDENTIFIER = com.daivajnanam.LipikaEngine;
				PRODUCT_NAME = "$(TARGET_NAME)";
				SKIP_INSTALL = YES;
				SWIFT_SWIFT3_OBJC_INFERENCE = Default;
				SWIFT_VERSION = 4.0;
			};
			name = Release;
		};
		A5C77CCE1ECBAC1E008AE60D /* Debug */ = {
			isa = XCBuildConfiguration;
			buildSettings = {
				ALWAYS_SEARCH_USER_PATHS = NO;
				CLANG_ANALYZER_NONNULL = YES;
				CLANG_ANALYZER_NUMBER_OBJECT_CONVERSION = YES_AGGRESSIVE;
				CLANG_CXX_LANGUAGE_STANDARD = "gnu++0x";
				CLANG_CXX_LIBRARY = "libc++";
				CLANG_ENABLE_MODULES = YES;
				CLANG_ENABLE_OBJC_ARC = YES;
				CLANG_WARN_BLOCK_CAPTURE_AUTORELEASING = YES;
				CLANG_WARN_BOOL_CONVERSION = YES;
				CLANG_WARN_COMMA = YES;
				CLANG_WARN_CONSTANT_CONVERSION = YES;
				CLANG_WARN_DEPRECATED_OBJC_IMPLEMENTATIONS = YES;
				CLANG_WARN_DIRECT_OBJC_ISA_USAGE = YES_ERROR;
				CLANG_WARN_DOCUMENTATION_COMMENTS = YES;
				CLANG_WARN_EMPTY_BODY = YES;
				CLANG_WARN_ENUM_CONVERSION = YES;
				CLANG_WARN_INFINITE_RECURSION = YES;
				CLANG_WARN_INT_CONVERSION = YES;
				CLANG_WARN_NON_LITERAL_NULL_CONVERSION = YES;
				CLANG_WARN_OBJC_IMPLICIT_RETAIN_SELF = YES;
				CLANG_WARN_OBJC_LITERAL_CONVERSION = YES;
				CLANG_WARN_OBJC_ROOT_CLASS = YES_ERROR;
				CLANG_WARN_RANGE_LOOP_ANALYSIS = YES;
				CLANG_WARN_STRICT_PROTOTYPES = YES;
				CLANG_WARN_SUSPICIOUS_MOVE = YES;
				CLANG_WARN_UNREACHABLE_CODE = YES;
				CLANG_WARN__DUPLICATE_METHOD_MATCH = YES;
				"CODE_SIGN_IDENTITY[sdk=iphoneos*]" = "iPhone Developer";
				COPY_PHASE_STRIP = NO;
				CURRENT_PROJECT_VERSION = 1;
				DEBUG_INFORMATION_FORMAT = dwarf;
				ENABLE_STRICT_OBJC_MSGSEND = YES;
				ENABLE_TESTABILITY = YES;
				GCC_C_LANGUAGE_STANDARD = gnu99;
				GCC_DYNAMIC_NO_PIC = NO;
				GCC_NO_COMMON_BLOCKS = YES;
				GCC_OPTIMIZATION_LEVEL = 0;
				GCC_PREPROCESSOR_DEFINITIONS = (
					"DEBUG=1",
					"$(inherited)",
				);
				GCC_WARN_64_TO_32_BIT_CONVERSION = YES;
				GCC_WARN_ABOUT_RETURN_TYPE = YES_ERROR;
				GCC_WARN_UNDECLARED_SELECTOR = YES;
				GCC_WARN_UNINITIALIZED_AUTOS = YES_AGGRESSIVE;
				GCC_WARN_UNUSED_FUNCTION = YES;
				GCC_WARN_UNUSED_VARIABLE = YES;
				IPHONEOS_DEPLOYMENT_TARGET = 10.3;
				MTL_ENABLE_DEBUG_INFO = YES;
				ONLY_ACTIVE_ARCH = YES;
				SDKROOT = macosx;
				SWIFT_ACTIVE_COMPILATION_CONDITIONS = DEBUG;
				SWIFT_OPTIMIZATION_LEVEL = "-Onone";
				VERSIONING_SYSTEM = "apple-generic";
				VERSION_INFO_PREFIX = "";
			};
			name = Debug;
		};
		A5C77CCF1ECBAC1E008AE60D /* Release */ = {
			isa = XCBuildConfiguration;
			buildSettings = {
				ALWAYS_SEARCH_USER_PATHS = NO;
				CLANG_ANALYZER_NONNULL = YES;
				CLANG_ANALYZER_NUMBER_OBJECT_CONVERSION = YES_AGGRESSIVE;
				CLANG_CXX_LANGUAGE_STANDARD = "gnu++0x";
				CLANG_CXX_LIBRARY = "libc++";
				CLANG_ENABLE_MODULES = YES;
				CLANG_ENABLE_OBJC_ARC = YES;
				CLANG_WARN_BLOCK_CAPTURE_AUTORELEASING = YES;
				CLANG_WARN_BOOL_CONVERSION = YES;
				CLANG_WARN_COMMA = YES;
				CLANG_WARN_CONSTANT_CONVERSION = YES;
				CLANG_WARN_DEPRECATED_OBJC_IMPLEMENTATIONS = YES;
				CLANG_WARN_DIRECT_OBJC_ISA_USAGE = YES_ERROR;
				CLANG_WARN_DOCUMENTATION_COMMENTS = YES;
				CLANG_WARN_EMPTY_BODY = YES;
				CLANG_WARN_ENUM_CONVERSION = YES;
				CLANG_WARN_INFINITE_RECURSION = YES;
				CLANG_WARN_INT_CONVERSION = YES;
				CLANG_WARN_NON_LITERAL_NULL_CONVERSION = YES;
				CLANG_WARN_OBJC_IMPLICIT_RETAIN_SELF = YES;
				CLANG_WARN_OBJC_LITERAL_CONVERSION = YES;
				CLANG_WARN_OBJC_ROOT_CLASS = YES_ERROR;
				CLANG_WARN_RANGE_LOOP_ANALYSIS = YES;
				CLANG_WARN_STRICT_PROTOTYPES = YES;
				CLANG_WARN_SUSPICIOUS_MOVE = YES;
				CLANG_WARN_UNREACHABLE_CODE = YES;
				CLANG_WARN__DUPLICATE_METHOD_MATCH = YES;
				"CODE_SIGN_IDENTITY[sdk=iphoneos*]" = "iPhone Developer";
				COPY_PHASE_STRIP = NO;
				CURRENT_PROJECT_VERSION = 1;
				DEBUG_INFORMATION_FORMAT = "dwarf-with-dsym";
				ENABLE_NS_ASSERTIONS = NO;
				ENABLE_STRICT_OBJC_MSGSEND = YES;
				GCC_C_LANGUAGE_STANDARD = gnu99;
				GCC_NO_COMMON_BLOCKS = YES;
				GCC_WARN_64_TO_32_BIT_CONVERSION = YES;
				GCC_WARN_ABOUT_RETURN_TYPE = YES_ERROR;
				GCC_WARN_UNDECLARED_SELECTOR = YES;
				GCC_WARN_UNINITIALIZED_AUTOS = YES_AGGRESSIVE;
				GCC_WARN_UNUSED_FUNCTION = YES;
				GCC_WARN_UNUSED_VARIABLE = YES;
				IPHONEOS_DEPLOYMENT_TARGET = 10.3;
				MTL_ENABLE_DEBUG_INFO = NO;
				SDKROOT = macosx;
				SWIFT_OPTIMIZATION_LEVEL = "-Owholemodule";
				VALIDATE_PRODUCT = YES;
				VERSIONING_SYSTEM = "apple-generic";
				VERSION_INFO_PREFIX = "";
			};
			name = Release;
		};
		A5C77CD11ECBAC1E008AE60D /* Debug */ = {
			isa = XCBuildConfiguration;
			buildSettings = {
				CLANG_ENABLE_MODULES = YES;
				CODE_SIGN_IDENTITY = "";
				DEFINES_MODULE = YES;
				DEVELOPMENT_TEAM = 7JZ87Y4JWT;
				DYLIB_COMPATIBILITY_VERSION = 1;
				DYLIB_CURRENT_VERSION = 1;
				DYLIB_INSTALL_NAME_BASE = "@rpath";
				INFOPLIST_FILE = "$(SRCROOT)/Source/Info.plist";
				INSTALL_PATH = "$(LOCAL_LIBRARY_DIR)/Frameworks";
				LD_RUNPATH_SEARCH_PATHS = "$(inherited) @executable_path/Frameworks @loader_path/Frameworks";
				PRODUCT_BUNDLE_IDENTIFIER = com.daivajnanam.LipikaEngine;
				PRODUCT_NAME = "$(TARGET_NAME)";
				SDKROOT = iphoneos;
				SKIP_INSTALL = YES;
				SWIFT_OPTIMIZATION_LEVEL = "-Onone";
				SWIFT_SWIFT3_OBJC_INFERENCE = Default;
				SWIFT_VERSION = 4.0;
				TARGETED_DEVICE_FAMILY = "1,2";
			};
			name = Debug;
		};
		A5C77CD21ECBAC1E008AE60D /* Release */ = {
			isa = XCBuildConfiguration;
			buildSettings = {
				CLANG_ENABLE_MODULES = YES;
				CODE_SIGN_IDENTITY = "";
				DEFINES_MODULE = YES;
				DEVELOPMENT_TEAM = 7JZ87Y4JWT;
				DYLIB_COMPATIBILITY_VERSION = 1;
				DYLIB_CURRENT_VERSION = 1;
				DYLIB_INSTALL_NAME_BASE = "@rpath";
				INFOPLIST_FILE = "$(SRCROOT)/Source/Info.plist";
				INSTALL_PATH = "$(LOCAL_LIBRARY_DIR)/Frameworks";
				LD_RUNPATH_SEARCH_PATHS = "$(inherited) @executable_path/Frameworks @loader_path/Frameworks";
				PRODUCT_BUNDLE_IDENTIFIER = com.daivajnanam.LipikaEngine;
				PRODUCT_NAME = "$(TARGET_NAME)";
				SDKROOT = iphoneos;
				SKIP_INSTALL = YES;
				SWIFT_SWIFT3_OBJC_INFERENCE = Default;
				SWIFT_VERSION = 4.0;
				TARGETED_DEVICE_FAMILY = "1,2";
			};
			name = Release;
		};
		A5C77CD41ECBAC1E008AE60D /* Debug */ = {
			isa = XCBuildConfiguration;
			buildSettings = {
				ALWAYS_EMBED_SWIFT_STANDARD_LIBRARIES = YES;
				DEVELOPMENT_TEAM = 7JZ87Y4JWT;
				INFOPLIST_FILE = "$(SRCROOT)/Tests/Info.plist";
				LD_RUNPATH_SEARCH_PATHS = "@executable_path/../Frameworks @loader_path/../Frameworks";
				PRODUCT_BUNDLE_IDENTIFIER = com.daivajnanam.LipikaEngineTests;
				PRODUCT_NAME = "$(TARGET_NAME)";
				SWIFT_SWIFT3_OBJC_INFERENCE = Default;
				SWIFT_VERSION = 4.0;
			};
			name = Debug;
		};
		A5C77CD51ECBAC1E008AE60D /* Release */ = {
			isa = XCBuildConfiguration;
			buildSettings = {
				ALWAYS_EMBED_SWIFT_STANDARD_LIBRARIES = YES;
				DEVELOPMENT_TEAM = 7JZ87Y4JWT;
				INFOPLIST_FILE = "$(SRCROOT)/Tests/Info.plist";
				LD_RUNPATH_SEARCH_PATHS = "@executable_path/../Frameworks @loader_path/../Frameworks";
				PRODUCT_BUNDLE_IDENTIFIER = com.daivajnanam.LipikaEngineTests;
				PRODUCT_NAME = "$(TARGET_NAME)";
				SWIFT_SWIFT3_OBJC_INFERENCE = Default;
				SWIFT_VERSION = 4.0;
			};
			name = Release;
		};
/* End XCBuildConfiguration section */

/* Begin XCConfigurationList section */
		A5BF5FA620B8A731004CA217 /* Build configuration list for PBXNativeTarget "LipikaEngine_OSX" */ = {
			isa = XCConfigurationList;
			buildConfigurations = (
				A5BF5FA720B8A731004CA217 /* Debug */,
				A5BF5FA820B8A731004CA217 /* Release */,
			);
			defaultConfigurationIsVisible = 0;
			defaultConfigurationName = Release;
		};
		A5C77CB61ECBAC1E008AE60D /* Build configuration list for PBXProject "LipikaEngine" */ = {
			isa = XCConfigurationList;
			buildConfigurations = (
				A5C77CCE1ECBAC1E008AE60D /* Debug */,
				A5C77CCF1ECBAC1E008AE60D /* Release */,
			);
			defaultConfigurationIsVisible = 0;
			defaultConfigurationName = Release;
		};
		A5C77CD01ECBAC1E008AE60D /* Build configuration list for PBXNativeTarget "LipikaEngine_iOS" */ = {
			isa = XCConfigurationList;
			buildConfigurations = (
				A5C77CD11ECBAC1E008AE60D /* Debug */,
				A5C77CD21ECBAC1E008AE60D /* Release */,
			);
			defaultConfigurationIsVisible = 0;
			defaultConfigurationName = Release;
		};
		A5C77CD31ECBAC1E008AE60D /* Build configuration list for PBXNativeTarget "LipikaEngineTests" */ = {
			isa = XCConfigurationList;
			buildConfigurations = (
				A5C77CD41ECBAC1E008AE60D /* Debug */,
				A5C77CD51ECBAC1E008AE60D /* Release */,
			);
			defaultConfigurationIsVisible = 0;
			defaultConfigurationName = Release;
		};
/* End XCConfigurationList section */
	};
	rootObject = A5C77CB31ECBAC1E008AE60D /* Project object */;
}
